
Microsoft Visual Studio Solution File, Format Version 12.00
# Visual Studio 2013
VisualStudioVersion = 12.0.21005.1
MinimumVisualStudioVersion = 10.0.40219.1
Project("{FAE04EC0-301F-11D3-BF4B-00C04F79EFBC}") = "www.ptsol.com.au", "www.ptsol.com.au\www.ptsol.com.au.csproj", "{A7292E51-DA3C-49D7-82B5-BEA241056638}"
EndProject
Project("{FAE04EC0-301F-11D3-BF4B-00C04F79EFBC}") = "UnitTesting", "UnitTesting\UnitTesting.csproj", "{A7BB98B9-88BE-4F0F-9898-86E67C7374BB}"
EndProject
Global
	GlobalSection(SolutionConfigurationPlatforms) = preSolution
		Debug|Any CPU = Debug|Any CPU
		Release|Any CPU = Release|Any CPU
	EndGlobalSection
	GlobalSection(ProjectConfigurationPlatforms) = postSolution
		{A7292E51-DA3C-49D7-82B5-BEA241056638}.Debug|Any CPU.ActiveCfg = Debug|Any CPU
		{A7292E51-DA3C-49D7-82B5-BEA241056638}.Debug|Any CPU.Build.0 = Debug|Any CPU
		{A7292E51-DA3C-49D7-82B5-BEA241056638}.Release|Any CPU.ActiveCfg = Release|Any CPU
		{A7292E51-DA3C-49D7-82B5-BEA241056638}.Release|Any CPU.Build.0 = Release|Any CPU
		{A7BB98B9-88BE-4F0F-9898-86E67C7374BB}.Debug|Any CPU.ActiveCfg = Debug|Any CPU
		{A7BB98B9-88BE-4F0F-9898-86E67C7374BB}.Debug|Any CPU.Build.0 = Debug|Any CPU
		{A7BB98B9-88BE-4F0F-9898-86E67C7374BB}.Release|Any CPU.ActiveCfg = Release|Any CPU
		{A7BB98B9-88BE-4F0F-9898-86E67C7374BB}.Release|Any CPU.Build.0 = Release|Any CPU
	EndGlobalSection
	GlobalSection(SolutionProperties) = preSolution
		HideSolutionNode = FALSE
	EndGlobalSection
EndGlobal
